
Microsoft Visual Studio Solution File, Format Version 12.00
# Visual Studio Version 16
VisualStudioVersion = 16.0.31005.135
MinimumVisualStudioVersion = 10.0.40219.1
Project("{FAE04EC0-301F-11D3-BF4B-00C04F79EFBC}") = "MonogameDesktop", "MonogameDesktop.csproj", "{3DA126A1-EFE9-4F88-A36F-850927D3086F}"
EndProject
Global
	GlobalSection(SolutionConfigurationPlatforms) = preSolution
		Debug|Any CPU = Debug|Any CPU
		Release|Any CPU = Release|Any CPU
	EndGlobalSection
	GlobalSection(ProjectConfigurationPlatforms) = postSolution
		{3DA126A1-EFE9-4F88-A36F-850927D3086F}.Debug|Any CPU.ActiveCfg = Debug|Any CPU
		{3DA126A1-EFE9-4F88-A36F-850927D3086F}.Debug|Any CPU.Build.0 = Debug|Any CPU
		{3DA126A1-EFE9-4F88-A36F-850927D3086F}.Release|Any CPU.ActiveCfg = Release|Any CPU
		{3DA126A1-EFE9-4F88-A36F-850927D3086F}.Release|Any CPU.Build.0 = Release|Any CPU
	EndGlobalSection
	GlobalSection(SolutionProperties) = preSolution
		HideSolutionNode = FALSE
	EndGlobalSection
	GlobalSection(ExtensibilityGlobals) = postSolution
		SolutionGuid = {B1112A5F-2AF3-458F-98ED-BAB94C734B86}
	EndGlobalSection
EndGlobal
